Microsoft Visual Studio Solution File, Format Version 12.00
# Visual Studio Version 17
VisualStudioVersion = 17.5.2.0
MinimumVisualStudioVersion = 10.0.40219.1
Project("{FAE04EC0-301F-11D3-BF4B-00C04F79EFBC}") = "MotWUnblocker", "MotWUnblocker.csproj", "{054AC501-FFE1-B499-A397-09F2EA4A5C1A}"
EndProject
Global
	GlobalSection(SolutionConfigurationPlatforms) = preSolution
		Debug|Any CPU = Debug|Any CPU
		Release|Any CPU = Release|Any CPU
	EndGlobalSection
	GlobalSection(ProjectConfigurationPlatforms) = postSolution
		{054AC501-FFE1-B499-A397-09F2EA4A5C1A}.Debug|Any CPU.ActiveCfg = Debug|Any CPU
		{054AC501-FFE1-B499-A397-09F2EA4A5C1A}.Debug|Any CPU.Build.0 = Debug|Any CPU
		{054AC501-FFE1-B499-A397-09F2EA4A5C1A}.Release|Any CPU.ActiveCfg = Release|Any CPU
		{054AC501-FFE1-B499-A397-09F2EA4A5C1A}.Release|Any CPU.Build.0 = Release|Any CPU
	EndGlobalSection
	GlobalSection(SolutionProperties) = preSolution
		HideSolutionNode = FALSE
	EndGlobalSection
	GlobalSection(ExtensibilityGlobals) = postSolution
		SolutionGuid = {2E9FD97E-0362-4F5B-8E97-2C0C62D52DBD}
	EndGlobalSection
EndGlobal
